<Solution>
  <Folder Name="/src/">
    <Project Path="src/Ghostty.Avalonia/Ghostty.Avalonia.csproj" />
    <Project Path="src/SharpRail.Host.Abstractions/SharpRail.Host.Abstractions.csproj" />
    <Project Path="src/SharpRail.Host.Client/SharpRail.Host.Client.csproj" />
    <Project Path="src/SharpRail.Host.Core/SharpRail.Host.Core.csproj" />
    <Project Path="src/SharpRail.Host.Protocol/SharpRail.Host.Protocol.csproj" />
    <Project Path="src/SharpRail.Host.Remote/SharpRail.Host.Remote.csproj" />
    <Project Path="src/SharpRail.Plugins.Api/SharpRail.Plugins.Api.csproj" />
    <Project Path="src/SharpRail.Plugins.Api.Host/SharpRail.Plugins.Api.Host.csproj" />
    <Project Path="src/SharpRail.Plugins.Api.UI/SharpRail.Plugins.Api.UI.csproj" />
    <Project Path="src/SharpRail.Plugins.Blueprint/Contract/SharpRail.Plugins.Blueprint.csproj" />
    <Project Path="src/SharpRail.Plugins.Blueprint/Host/SharpRail.Plugins.Blueprint.Host.csproj" />
    <Project Path="src/SharpRail.Plugins.Blueprint/UI/SharpRail.Plugins.Blueprint.UI.csproj" />
    <Project Path="src/SharpRail.Plugins.BranchGraph/Contract/SharpRail.Plugins.BranchGraph.csproj" />
    <Project Path="src/SharpRail.Plugins.BranchGraph/Host/SharpRail.Plugins.BranchGraph.Host.csproj" />
    <Project Path="src/SharpRail.Plugins.BranchGraph/UI/SharpRail.Plugins.BranchGraph.UI.csproj" />
    <Project Path="src/SharpRail.Plugins.ClaudeCode/SharpRail.Plugins.ClaudeCode.csproj" />
    <Project Path="src/SharpRail.Plugins.ClaudeCode/Host/SharpRail.Plugins.ClaudeCode.Host.csproj" />
    <Project Path="src/SharpRail.Plugins.ClaudeCode/UI/SharpRail.Plugins.ClaudeCode.UI.csproj" />
    <Project Path="src/SharpRail.Plugins.Discord/Contract/SharpRail.Plugins.Discord.csproj" />
    <Project Path="src/SharpRail.Plugins.Discord/Host/SharpRail.Plugins.Discord.Host.csproj" />
    <Project Path="src/SharpRail.Plugins.Discord/UI/SharpRail.Plugins.Discord.UI.csproj" />
    <Project Path="src/SharpRail.Plugins.PdfPreview/Contract/SharpRail.Plugins.PdfPreview.csproj" />
    <Project Path="src/SharpRail.Plugins.PdfPreview/UI/SharpRail.Plugins.PdfPreview.UI.csproj" />
    <Project Path="src/SharpRail.Plugins.SpecDialect/Contract/SharpRail.Plugins.SpecDialect.csproj" />
    <Project Path="src/SharpRail.Plugins.SpecDialect/Host/SharpRail.Plugins.SpecDialect.Host.csproj" />
    <Project Path="src/SharpRail.Plugins.SpecDialect/UI/SharpRail.Plugins.SpecDialect.UI.csproj" />
    <Project Path="src/SharpRail.Plugins.UI.Kit/SharpRail.Plugins.UI.Kit.csproj" />
    <Project Path="src/SharpRail.Plugins.Visualize/Contract/SharpRail.Plugins.Visualize.csproj" />
    <Project Path="src/SharpRail.Plugins.Visualize/Host/SharpRail.Plugins.Visualize.Host.csproj" />
    <Project Path="src/SharpRail.Plugins.Visualize/UI/SharpRail.Plugins.Visualize.UI.csproj" />
    <Project Path="src/SharpRail.Scintilla/SharpRail.Scintilla.csproj" />
    <Project Path="src/SharpRail.UI/SharpRail.UI.csproj" />
  </Folder>
  <Folder Name="/tests/">
    <Project Path="tests/SharpRail.Checks/SharpRail.Checks.csproj" />
    <Project Path="tests/SharpRail.PluginFixture/SharpRail.PluginFixture.Host.csproj" />
    <Project Path="tests/SharpRail.PluginFixture.UI/SharpRail.PluginFixture.UI.csproj" />
  </Folder>
</Solution>
